
Microsoft Visual Studio Solution File, Format Version 12.00
# Visual Studio 2012
Project("{FAE04EC0-301F-11D3-BF4B-00C04F79EFBC}") = "AppGui2", "AppGui2\AppGui2.csproj", "{1F55F4E9-63EB-4EBF-BF1C-1373C28D150B}"
EndProject
Global
	GlobalSection(SolutionConfigurationPlatforms) = preSolution
		Debug|Any CPU = Debug|Any CPU
		Release|Any CPU = Release|Any CPU
	EndGlobalSection
	GlobalSection(ProjectConfigurationPlatforms) = postSolution
		{1F55F4E9-63EB-4EBF-BF1C-1373C28D150B}.Debug|Any CPU.ActiveCfg = Debug|Any CPU
		{1F55F4E9-63EB-4EBF-BF1C-1373C28D150B}.Debug|Any CPU.Build.0 = Debug|Any CPU
		{1F55F4E9-63EB-4EBF-BF1C-1373C28D150B}.Release|Any CPU.ActiveCfg = Release|Any CPU
		{1F55F4E9-63EB-4EBF-BF1C-1373C28D150B}.Release|Any CPU.Build.0 = Release|Any CPU
	EndGlobalSection
	GlobalSection(SolutionProperties) = preSolution
		HideSolutionNode = FALSE
	EndGlobalSection
EndGlobal
